
Microsoft Visual Studio Solution File, Format Version 12.00
Project("{FAE04EC0-301F-11D3-BF4B-00C04F79EFBC}") = "NetSchool", "NetSchool\NetSchool.csproj", "{2C5CEE0E-5653-495F-8927-E7FF81C9A6A1}"
EndProject
Global
	GlobalSection(SolutionConfigurationPlatforms) = preSolution
		Debug|Any CPU = Debug|Any CPU
		Release|Any CPU = Release|Any CPU
	EndGlobalSection
	GlobalSection(ProjectConfigurationPlatforms) = postSolution
		{2C5CEE0E-5653-495F-8927-E7FF81C9A6A1}.Debug|Any CPU.ActiveCfg = Debug|Any CPU
		{2C5CEE0E-5653-495F-8927-E7FF81C9A6A1}.Debug|Any CPU.Build.0 = Debug|Any CPU
		{2C5CEE0E-5653-495F-8927-E7FF81C9A6A1}.Release|Any CPU.ActiveCfg = Release|Any CPU
		{2C5CEE0E-5653-495F-8927-E7FF81C9A6A1}.Release|Any CPU.Build.0 = Release|Any CPU
	EndGlobalSection
EndGlobal
